
Microsoft Visual Studio Solution File, Format Version 12.00
# Visual Studio Version 17
VisualStudioVersion = 17.2.32526.322
MinimumVisualStudioVersion = 10.0.40219.1
Project("{FAE04EC0-301F-11D3-BF4B-00C04F79EFBC}") = "UndertaleFunny1", "UndertaleFunny1\UndertaleFunny1.csproj", "{BE2E6065-EE79-4B68-A617-C7427802B52A}"
EndProject
Global
	GlobalSection(SolutionConfigurationPlatforms) = preSolution
		Debug|Any CPU = Debug|Any CPU
		Release|Any CPU = Release|Any CPU
	EndGlobalSection
	GlobalSection(ProjectConfigurationPlatforms) = postSolution
		{BE2E6065-EE79-4B68-A617-C7427802B52A}.Debug|Any CPU.ActiveCfg = Debug|Any CPU
		{BE2E6065-EE79-4B68-A617-C7427802B52A}.Debug|Any CPU.Build.0 = Debug|Any CPU
		{BE2E6065-EE79-4B68-A617-C7427802B52A}.Release|Any CPU.ActiveCfg = Release|Any CPU
		{BE2E6065-EE79-4B68-A617-C7427802B52A}.Release|Any CPU.Build.0 = Release|Any CPU
	EndGlobalSection
	GlobalSection(SolutionProperties) = preSolution
		HideSolutionNode = FALSE
	EndGlobalSection
	GlobalSection(ExtensibilityGlobals) = postSolution
		SolutionGuid = {14927BB6-B2A1-4BD9-89B5-20698BA7E49C}
	EndGlobalSection
EndGlobal
